
Microsoft Visual Studio Solution File, Format Version 12.00
# Visual Studio 15
VisualStudioVersion = 15.0.28307.1401
MinimumVisualStudioVersion = 10.0.40219.1
Project("{FAE04EC0-301F-11D3-BF4B-00C04F79EFBC}") = "SqlCe2SQLite", "SqlCe2SQLite\SqlCe2SQLite.csproj", "{800FA4C4-C7ED-4E29-A75F-2024B8EC61FF}"
EndProject
Project("{2150E333-8FDC-42A3-9474-1A3956D46DE8}") = "Solution Items", "Solution Items", "{8F9D2366-1A58-4A2F-96D6-569AD6F032EF}"
	ProjectSection(SolutionItems) = preProject
		..\.gitattributes = ..\.gitattributes
		..\.gitignore = ..\.gitignore
		..\LICENSE = ..\LICENSE
		..\README.md = ..\README.md
	EndProjectSection
EndProject
Project("{2150E333-8FDC-42A3-9474-1A3956D46DE8}") = "img", "img", "{13CC35FE-5CF8-4FB0-AD1E-B0384551BA41}"
	ProjectSection(SolutionItems) = preProject
		..\img\Bild_20210311_120741_001.png = ..\img\Bild_20210311_120741_001.png
	EndProjectSection
EndProject
Global
	GlobalSection(SolutionConfigurationPlatforms) = preSolution
		Debug|Any CPU = Debug|Any CPU
		Release|Any CPU = Release|Any CPU
	EndGlobalSection
	GlobalSection(ProjectConfigurationPlatforms) = postSolution
		{800FA4C4-C7ED-4E29-A75F-2024B8EC61FF}.Debug|Any CPU.ActiveCfg = Debug|Any CPU
		{800FA4C4-C7ED-4E29-A75F-2024B8EC61FF}.Debug|Any CPU.Build.0 = Debug|Any CPU
		{800FA4C4-C7ED-4E29-A75F-2024B8EC61FF}.Release|Any CPU.ActiveCfg = Release|Any CPU
		{800FA4C4-C7ED-4E29-A75F-2024B8EC61FF}.Release|Any CPU.Build.0 = Release|Any CPU
	EndGlobalSection
	GlobalSection(SolutionProperties) = preSolution
		HideSolutionNode = FALSE
	EndGlobalSection
	GlobalSection(NestedProjects) = preSolution
		{13CC35FE-5CF8-4FB0-AD1E-B0384551BA41} = {8F9D2366-1A58-4A2F-96D6-569AD6F032EF}
	EndGlobalSection
	GlobalSection(ExtensibilityGlobals) = postSolution
		SolutionGuid = {78021F98-4353-4B17-9837-9F83ECD716EA}
	EndGlobalSection
EndGlobal
